<?xml version="1.0" encoding="utf-8"?>
<Project ToolsVersion="4.0" xmlns="http://schemas.microsoft.com/developer/msbuild/2003">
  <ItemGroup>
    <Filter Include="Source Files">
      <UniqueIdentifier>{4FC737F1-C7A5-4376-A066-2A32D752A2FF}</UniqueIdentifier>
      <Extensions>cpp;c;cc;cxx;c++;def;odl;idl;hpj;bat;asm;asmx</Extensions>
    </Filter>
    <Filter Include="Header Files">
      <UniqueIdentifier>{93995380-89BD-4b04-88EB-625FBE52EBFB}</UniqueIdentifier>
      <Extensions>h;hh;hpp;hxx;h++;hm;inl;inc;ipp;xsd</Extensions>
    </Filter>
    <Filter Include="Resource Files">
      <UniqueIdentifier>{67DA6AB6-F800-4c08-8B7A-83BB121AAD01}</UniqueIdentifier>
      <Extensions>rc;ico;cur;bmp;dlg;rc2;rct;bin;rgs;gif;jpg;jpeg;jpe;resx;tiff;tif;png;wav;mfcribbon-ms</Extensions>
    </Filter>
    <Filter Include="Header Files\resources">
      <UniqueIdentifier>{e1ec06b7-00da-43a0-8afe-19614940a94d}</UniqueIdentifier>
    </Filter>
    <Filter Include="Source Files\resources">
      <UniqueIdentifier>{ef2fc913-4919-41a2-abb2-9c5657f104c3}</UniqueIdentifier>
    </Filter>
    <Filter Include="Header Files\core">
      <UniqueIdentifier>{3db30267-2010-4e46-9a10-49c5e796a283}</UniqueIdentifier>
    </Filter>
    <Filter Include="Source Files\core">
      <UniqueIdentifier>{cdbd5432-d06f-4c34-8125-2f0d87a5838b}</UniqueIdentifier>
    </Filter>
    <Filter Include="Header Files\Graphics">
      <UniqueIdentifier>{1b202188-0af6-4218-9389-2e1d2f01f643}</UniqueIdentifier>
    </Filter>
    <Filter Include="Source Files\Graphics">
      <UniqueIdentifier>{e2de540b-faa0-4d7c-853a-edf8be5d4a98}</UniqueIdentifier>
    </Filter>
    <Filter Include="Header Files\Graphics\Model">
      <UniqueIdentifier>{52d3789e-ad2f-4488-825b-efbcc270cd50}</UniqueIdentifier>
    </Filter>
    <Filter Include="Source Files\Graphics\Model">
      <UniqueIdentifier>{701ff960-dac4-4a18-bb62-02daa3df62cc}</UniqueIdentifier>
    </Filter>
    <Filter Include="Source Files\Graphics\Shader">
      <UniqueIdentifier>{5e403257-b3c9-4b36-9c05-0525278ed38e}</UniqueIdentifier>
    </Filter>
    <Filter Include="Header Files\Graphics\Shader">
      <UniqueIdentifier>{b7e76be4-cd89-46ac-83e6-9b29b19a1c6f}</UniqueIdentifier>
    </Filter>
    <Filter Include="Header Files\Graphics\Rendering">
      <UniqueIdentifier>{4b698b92-8d49-4c65-95ce-a5e6e47d5efa}</UniqueIdentifier>
    </Filter>
    <Filter Include="Source Files\Graphics\Rendering">
      <UniqueIdentifier>{3d801f13-a970-4df1-a301-c6e8cef756fe}</UniqueIdentifier>
    </Filter>
  </ItemGroup>
  <ItemGroup>
    <ClCompile Include="main.cpp">
      <Filter>Source Files</Filter>
    </ClCompile>
    <ClCompile Include="Texture.cpp">
      <Filter>Source Files\resources</Filter>
    </ClCompile>
    <ClCompile Include="Window.cpp">
      <Filter>Source Files</Filter>
    </ClCompile>
    <ClCompile Include="D3D.cpp">
      <Filter>Source Files\Graphics</Filter>
    </ClCompile>
    <ClCompile Include="SolidColorShader.cpp">
      <Filter>Source Files\Graphics\Shader</Filter>
    </ClCompile>
    <ClCompile Include="TextureColorShader.cpp">
      <Filter>Source Files\Graphics\Shader</Filter>
    </ClCompile>
    <ClCompile Include="Shader.cpp">
      <Filter>Source Files\Graphics\Shader</Filter>
    </ClCompile>
    <ClCompile Include="Model.cpp">
      <Filter>Source Files\Graphics\Model</Filter>
    </ClCompile>
    <ClCompile Include="Cube.cpp">
      <Filter>Source Files\Graphics\Model</Filter>
    </ClCompile>
    <ClCompile Include="Plane.cpp">
      <Filter>Source Files\Graphics\Model</Filter>
    </ClCompile>
    <ClCompile Include="PhongShader.cpp">
      <Filter>Source Files\Graphics\Shader</Filter>
    </ClCompile>
    <ClCompile Include="LambertShader.cpp">
      <Filter>Source Files\Graphics\Shader</Filter>
    </ClCompile>
    <ClCompile Include="ProjectiveTextureShader.cpp">
      <Filter>Source Files\Graphics\Shader</Filter>
    </ClCompile>
    <ClCompile Include="BorderHighlightShader.cpp">
      <Filter>Source Files\Graphics\Shader</Filter>
    </ClCompile>
    <ClCompile Include="Water.cpp">
      <Filter>Source Files</Filter>
    </ClCompile>
    <ClCompile Include="TextureRendering.cpp">
      <Filter>Source Files\Graphics\Rendering</Filter>
    </ClCompile>
  </ItemGroup>
  <ItemGroup>
    <ClInclude Include="AppTypes.h">
      <Filter>Header Files\core</Filter>
    </ClInclude>
    <ClInclude Include="ErrorMsg.h">
      <Filter>Header Files\core</Filter>
    </ClInclude>
    <ClInclude Include="Texture.h">
      <Filter>Header Files\resources</Filter>
    </ClInclude>
    <ClInclude Include="Window.h">
      <Filter>Header Files</Filter>
    </ClInclude>
    <ClInclude Include="D3D.h">
      <Filter>Header Files\Graphics</Filter>
    </ClInclude>
    <ClInclude Include="Vertex.h">
      <Filter>Header Files\Graphics</Filter>
    </ClInclude>
    <ClInclude Include="Model.h">
      <Filter>Header Files\Graphics\Model</Filter>
    </ClInclude>
    <ClInclude Include="Shader.h">
      <Filter>Header Files\Graphics\Shader</Filter>
    </ClInclude>
    <ClInclude Include="SolidColorShader.h">
      <Filter>Header Files\Graphics\Shader</Filter>
    </ClInclude>
    <ClInclude Include="TextureColorShader.h">
      <Filter>Header Files\Graphics\Shader</Filter>
    </ClInclude>
    <ClInclude Include="Cube.h">
      <Filter>Header Files\Graphics\Model</Filter>
    </ClInclude>
    <ClInclude Include="Plane.h">
      <Filter>Header Files\Graphics\Model</Filter>
    </ClInclude>
    <ClInclude Include="Input.h">
      <Filter>Header Files</Filter>
    </ClInclude>
    <ClInclude Include="LambertShader.h">
      <Filter>Header Files\Graphics\Shader</Filter>
    </ClInclude>
    <ClInclude Include="PhongShader.h">
      <Filter>Header Files\Graphics\Shader</Filter>
    </ClInclude>
    <ClInclude Include="ProjectiveTextureShader.h">
      <Filter>Header Files\Graphics\Shader</Filter>
    </ClInclude>
    <ClInclude Include="resource.h">
      <Filter>Header Files</Filter>
    </ClInclude>
    <ClInclude Include="BorderHighlightShader.h">
      <Filter>Header Files\Graphics\Shader</Filter>
    </ClInclude>
    <ClInclude Include="Water.h">
      <Filter>Header Files\Graphics\Model</Filter>
    </ClInclude>
    <ClInclude Include="TextureRendering.h">
      <Filter>Header Files</Filter>
    </ClInclude>
  </ItemGroup>
  <ItemGroup>
    <None Include="solidcolor.fx">
      <Filter>Resource Files</Filter>
    </None>
    <None Include="packages.config" />
    <None Include="simpletexture.fx">
      <Filter>Resource Files</Filter>
    </None>
    <None Include="lambert.fx">
      <Filter>Resource Files</Filter>
    </None>
    <None Include="phong.fx">
      <Filter>Resource Files</Filter>
    </None>
    <None Include="projective-texturing.fx">
      <Filter>Resource Files</Filter>
    </None>
    <None Include="borderhighlight.fx">
      <Filter>Resource Files</Filter>
    </None>
    <None Include="water.fx">
      <Filter>Resource Files</Filter>
    </None>
  </ItemGroup>
</Project>